
Microsoft Visual Studio Solution File, Format Version 12.00
# Visual Studio Version 16
VisualStudioVersion = 16.0.33529.622
MinimumVisualStudioVersion = 10.0.40219.1
Project("{8BC9CEB8-8B4A-11D0-8D11-00A0C91BC942}") = "Github.test", "Github.test\Github.test.vcxproj", "{57891B0D-45C7-4CB4-98E4-FD07A658A78D}"
EndProject
Global
	GlobalSection(SolutionConfigurationPlatforms) = preSolution
		Debug|x64 = Debug|x64
		Debug|x86 = Debug|x86
		Release|x64 = Release|x64
		Release|x86 = Release|x86
	EndGlobalSection
	GlobalSection(ProjectConfigurationPlatforms) = postSolution
		{57891B0D-45C7-4CB4-98E4-FD07A658A78D}.Debug|x64.ActiveCfg = Debug|x64
		{57891B0D-45C7-4CB4-98E4-FD07A658A78D}.Debug|x64.Build.0 = Debug|x64
		{57891B0D-45C7-4CB4-98E4-FD07A658A78D}.Debug|x86.ActiveCfg = Debug|Win32
		{57891B0D-45C7-4CB4-98E4-FD07A658A78D}.Debug|x86.Build.0 = Debug|Win32
		{57891B0D-45C7-4CB4-98E4-FD07A658A78D}.Release|x64.ActiveCfg = Release|x64
		{57891B0D-45C7-4CB4-98E4-FD07A658A78D}.Release|x64.Build.0 = Release|x64
		{57891B0D-45C7-4CB4-98E4-FD07A658A78D}.Release|x86.ActiveCfg = Release|Win32
		{57891B0D-45C7-4CB4-98E4-FD07A658A78D}.Release|x86.Build.0 = Release|Win32
	EndGlobalSection
	GlobalSection(SolutionProperties) = preSolution
		HideSolutionNode = FALSE
	EndGlobalSection
	GlobalSection(ExtensibilityGlobals) = postSolution
		SolutionGuid = {D33AB52E-45C3-433A-B2E5-28C61E8F5266}
	EndGlobalSection
EndGlobal
